
Microsoft Visual Studio Solution File, Format Version 12.00
# Visual Studio Version 17
VisualStudioVersion = 17.14.36616.10 d17.14
MinimumVisualStudioVersion = 10.0.40219.1
Project("{FAE04EC0-301F-11D3-BF4B-00C04F79EFBC}") = "Edukate", "Edukate\Edukate.csproj", "{521D209A-DD2F-4707-9877-C09FB0C83C48}"
EndProject
Global
	GlobalSection(SolutionConfigurationPlatforms) = preSolution
		Debug|Any CPU = Debug|Any CPU
		Release|Any CPU = Release|Any CPU
	EndGlobalSection
	GlobalSection(ProjectConfigurationPlatforms) = postSolution
		{521D209A-DD2F-4707-9877-C09FB0C83C48}.Debug|Any CPU.ActiveCfg = Debug|Any CPU
		{521D209A-DD2F-4707-9877-C09FB0C83C48}.Debug|Any CPU.Build.0 = Debug|Any CPU
		{521D209A-DD2F-4707-9877-C09FB0C83C48}.Release|Any CPU.ActiveCfg = Release|Any CPU
		{521D209A-DD2F-4707-9877-C09FB0C83C48}.Release|Any CPU.Build.0 = Release|Any CPU
	EndGlobalSection
	GlobalSection(SolutionProperties) = preSolution
		HideSolutionNode = FALSE
	EndGlobalSection
	GlobalSection(ExtensibilityGlobals) = postSolution
		SolutionGuid = {6A49C4A7-6218-4BF8-9196-4CAC741FD022}
	EndGlobalSection
EndGlobal
